
Microsoft Visual Studio Solution File, Format Version 12.00
# Visual Studio Version 17
VisualStudioVersion = 17.4.33205.214
MinimumVisualStudioVersion = 10.0.40219.1
Project("{9A19103F-16F7-4668-BE54-9A1E7A4F7556}") = "ConcurrencyParallelism", "ConcurrencyParallelism\ConcurrencyParallelism.csproj", "{8F5AE52D-E80A-4477-91EF-B92005A1772A}"
EndProject
Project("{2150E333-8FDC-42A3-9474-1A3956D46DE8}") = "OldPractice", "OldPractice", "{C879BA25-00FC-4F99-B570-7FEA84059AF6}"
EndProject
Project("{9A19103F-16F7-4668-BE54-9A1E7A4F7556}") = "01_LearningThread", "LearningThread\01_LearningThread.csproj", "{1A18E568-A5FF-4E04-8A07-B5189A7353F8}"
EndProject
Project("{9A19103F-16F7-4668-BE54-9A1E7A4F7556}") = "02_ProtectingShareObjects", "ProtectingShareObjects\02_ProtectingShareObjects.csproj", "{BDCA2CD9-C22F-4FDE-B02D-DA7E4333ED8F}"
EndProject
Project("{9A19103F-16F7-4668-BE54-9A1E7A4F7556}") = "03_AdvanceProtectingObjects", "AdvanceProtectingObjects\03_AdvanceProtectingObjects.csproj", "{082512C7-7453-4211-A338-EAC68C739F28}"
EndProject
Project("{9A19103F-16F7-4668-BE54-9A1E7A4F7556}") = "04_ManualResetEventTreads", "ManualResetEventTreads\04_ManualResetEventTreads.csproj", "{94591AB0-36C3-4DF0-84CE-B1CBBF8BED6A}"
EndProject
Project("{9A19103F-16F7-4668-BE54-9A1E7A4F7556}") = "05_AutoResetEvent", "05_AutoResetEvent\05_AutoResetEvent.csproj", "{51737B98-2655-42EF-A719-631C04D708E2}"
EndProject
Project("{9A19103F-16F7-4668-BE54-9A1E7A4F7556}") = "06_Mutex", "06_Mutex\06_Mutex.csproj", "{D7BF7084-5AFB-41B6-83B1-37F8E549E292}"
EndProject
Project("{9A19103F-16F7-4668-BE54-9A1E7A4F7556}") = "07_Semaphore", "07_Semaphore\07_Semaphore.csproj", "{69F68856-333F-4072-A9D6-972080E8FEA8}"
EndProject
Project("{9A19103F-16F7-4668-BE54-9A1E7A4F7556}") = "08_DeadLock", "08_DeadLock\08_DeadLock.csproj", "{CF122B0C-96A7-47AE-BAB7-065483818DE9}"
EndProject
Project("{9A19103F-16F7-4668-BE54-9A1E7A4F7556}") = "09_ThreadPool", "09_ThreadPool\09_ThreadPool.csproj", "{BE2E1897-A7F7-4F65-9654-6253A2024388}"
EndProject
Project("{2150E333-8FDC-42A3-9474-1A3956D46DE8}") = "01_Threads", "01_Threads", "{4B408D9A-DFA7-4639-AC99-17E5E051F3F4}"
EndProject
Project("{2150E333-8FDC-42A3-9474-1A3956D46DE8}") = "02_Asynchronous", "02_Asynchronous", "{5825F521-82E9-4616-BB34-5A2C9541D813}"
EndProject
Project("{9A19103F-16F7-4668-BE54-9A1E7A4F7556}") = "01_StaringTask", "01_BasicTask\01_StaringTask.csproj", "{FF4340FA-FE17-4EED-A141-994528109580}"
EndProject
Project("{9A19103F-16F7-4668-BE54-9A1E7A4F7556}") = "02_AwaitTask", "AwaitTask\02_AwaitTask.csproj", "{BEC890A1-5550-489C-9B13-F573232B7ECB}"
EndProject
Project("{9A19103F-16F7-4668-BE54-9A1E7A4F7556}") = "03_ContinuationTask", "03_ContinuationTask\03_ContinuationTask.csproj", "{0B665A48-6BF2-4D36-8926-CCD5388499B0}"
EndProject
Project("{9A19103F-16F7-4668-BE54-9A1E7A4F7556}") = "AsyncAndAwait", "AsyncAndAwait\AsyncAndAwait.csproj", "{87933A5C-AA6B-4496-9277-887D1A8DA100}"
EndProject
Project("{2150E333-8FDC-42A3-9474-1A3956D46DE8}") = "03_Parallel", "03_Parallel", "{4C838E35-8F04-41C1-9037-F971E3E55B98}"
EndProject
Project("{FAE04EC0-301F-11D3-BF4B-00C04F79EFBC}") = "01_ParallelFor", "01_ParallelFor\01_ParallelFor.csproj", "{41D5C857-40D5-4C9A-A391-1389D56F2FA0}"
EndProject
Project("{2150E333-8FDC-42A3-9474-1A3956D46DE8}") = "Notes", "Notes", "{6EAF78DC-EEE0-4AD4-8B8E-24B148415E91}"
	ProjectSection(SolutionItems) = preProject
		Learn Multithreading.docx = Learn Multithreading.docx
	EndProjectSection
EndProject
Global
	GlobalSection(SolutionConfigurationPlatforms) = preSolution
		Debug|Any CPU = Debug|Any CPU
		Release|Any CPU = Release|Any CPU
	EndGlobalSection
	GlobalSection(ProjectConfigurationPlatforms) = postSolution
		{8F5AE52D-E80A-4477-91EF-B92005A1772A}.Debug|Any CPU.ActiveCfg = Debug|Any CPU
		{8F5AE52D-E80A-4477-91EF-B92005A1772A}.Debug|Any CPU.Build.0 = Debug|Any CPU
		{8F5AE52D-E80A-4477-91EF-B92005A1772A}.Release|Any CPU.ActiveCfg = Release|Any CPU
		{8F5AE52D-E80A-4477-91EF-B92005A1772A}.Release|Any CPU.Build.0 = Release|Any CPU
		{1A18E568-A5FF-4E04-8A07-B5189A7353F8}.Debug|Any CPU.ActiveCfg = Debug|Any CPU
		{1A18E568-A5FF-4E04-8A07-B5189A7353F8}.Debug|Any CPU.Build.0 = Debug|Any CPU
		{1A18E568-A5FF-4E04-8A07-B5189A7353F8}.Release|Any CPU.ActiveCfg = Release|Any CPU
		{1A18E568-A5FF-4E04-8A07-B5189A7353F8}.Release|Any CPU.Build.0 = Release|Any CPU
		{BDCA2CD9-C22F-4FDE-B02D-DA7E4333ED8F}.Debug|Any CPU.ActiveCfg = Debug|Any CPU
		{BDCA2CD9-C22F-4FDE-B02D-DA7E4333ED8F}.Debug|Any CPU.Build.0 = Debug|Any CPU
		{BDCA2CD9-C22F-4FDE-B02D-DA7E4333ED8F}.Release|Any CPU.ActiveCfg = Release|Any CPU
		{BDCA2CD9-C22F-4FDE-B02D-DA7E4333ED8F}.Release|Any CPU.Build.0 = Release|Any CPU
		{082512C7-7453-4211-A338-EAC68C739F28}.Debug|Any CPU.ActiveCfg = Debug|Any CPU
		{082512C7-7453-4211-A338-EAC68C739F28}.Debug|Any CPU.Build.0 = Debug|Any CPU
		{082512C7-7453-4211-A338-EAC68C739F28}.Release|Any CPU.ActiveCfg = Release|Any CPU
		{082512C7-7453-4211-A338-EAC68C739F28}.Release|Any CPU.Build.0 = Release|Any CPU
		{94591AB0-36C3-4DF0-84CE-B1CBBF8BED6A}.Debug|Any CPU.ActiveCfg = Debug|Any CPU
		{94591AB0-36C3-4DF0-84CE-B1CBBF8BED6A}.Debug|Any CPU.Build.0 = Debug|Any CPU
		{94591AB0-36C3-4DF0-84CE-B1CBBF8BED6A}.Release|Any CPU.ActiveCfg = Release|Any CPU
		{94591AB0-36C3-4DF0-84CE-B1CBBF8BED6A}.Release|Any CPU.Build.0 = Release|Any CPU
		{51737B98-2655-42EF-A719-631C04D708E2}.Debug|Any CPU.ActiveCfg = Debug|Any CPU
		{51737B98-2655-42EF-A719-631C04D708E2}.Debug|Any CPU.Build.0 = Debug|Any CPU
		{51737B98-2655-42EF-A719-631C04D708E2}.Release|Any CPU.ActiveCfg = Release|Any CPU
		{51737B98-2655-42EF-A719-631C04D708E2}.Release|Any CPU.Build.0 = Release|Any CPU
		{D7BF7084-5AFB-41B6-83B1-37F8E549E292}.Debug|Any CPU.ActiveCfg = Debug|Any CPU
		{D7BF7084-5AFB-41B6-83B1-37F8E549E292}.Debug|Any CPU.Build.0 = Debug|Any CPU
		{D7BF7084-5AFB-41B6-83B1-37F8E549E292}.Release|Any CPU.ActiveCfg = Release|Any CPU
		{D7BF7084-5AFB-41B6-83B1-37F8E549E292}.Release|Any CPU.Build.0 = Release|Any CPU
		{69F68856-333F-4072-A9D6-972080E8FEA8}.Debug|Any CPU.ActiveCfg = Debug|Any CPU
		{69F68856-333F-4072-A9D6-972080E8FEA8}.Debug|Any CPU.Build.0 = Debug|Any CPU
		{69F68856-333F-4072-A9D6-972080E8FEA8}.Release|Any CPU.ActiveCfg = Release|Any CPU
		{69F68856-333F-4072-A9D6-972080E8FEA8}.Release|Any CPU.Build.0 = Release|Any CPU
		{CF122B0C-96A7-47AE-BAB7-065483818DE9}.Debug|Any CPU.ActiveCfg = Debug|Any CPU
		{CF122B0C-96A7-47AE-BAB7-065483818DE9}.Debug|Any CPU.Build.0 = Debug|Any CPU
		{CF122B0C-96A7-47AE-BAB7-065483818DE9}.Release|Any CPU.ActiveCfg = Release|Any CPU
		{CF122B0C-96A7-47AE-BAB7-065483818DE9}.Release|Any CPU.Build.0 = Release|Any CPU
		{BE2E1897-A7F7-4F65-9654-6253A2024388}.Debug|Any CPU.ActiveCfg = Debug|Any CPU
		{BE2E1897-A7F7-4F65-9654-6253A2024388}.Debug|Any CPU.Build.0 = Debug|Any CPU
		{BE2E1897-A7F7-4F65-9654-6253A2024388}.Release|Any CPU.ActiveCfg = Release|Any CPU
		{BE2E1897-A7F7-4F65-9654-6253A2024388}.Release|Any CPU.Build.0 = Release|Any CPU
		{FF4340FA-FE17-4EED-A141-994528109580}.Debug|Any CPU.ActiveCfg = Debug|Any CPU
		{FF4340FA-FE17-4EED-A141-994528109580}.Debug|Any CPU.Build.0 = Debug|Any CPU
		{FF4340FA-FE17-4EED-A141-994528109580}.Release|Any CPU.ActiveCfg = Release|Any CPU
		{FF4340FA-FE17-4EED-A141-994528109580}.Release|Any CPU.Build.0 = Release|Any CPU
		{BEC890A1-5550-489C-9B13-F573232B7ECB}.Debug|Any CPU.ActiveCfg = Debug|Any CPU
		{BEC890A1-5550-489C-9B13-F573232B7ECB}.Debug|Any CPU.Build.0 = Debug|Any CPU
		{BEC890A1-5550-489C-9B13-F573232B7ECB}.Release|Any CPU.ActiveCfg = Release|Any CPU
		{BEC890A1-5550-489C-9B13-F573232B7ECB}.Release|Any CPU.Build.0 = Release|Any CPU
		{0B665A48-6BF2-4D36-8926-CCD5388499B0}.Debug|Any CPU.ActiveCfg = Debug|Any CPU
		{0B665A48-6BF2-4D36-8926-CCD5388499B0}.Debug|Any CPU.Build.0 = Debug|Any CPU
		{0B665A48-6BF2-4D36-8926-CCD5388499B0}.Release|Any CPU.ActiveCfg = Release|Any CPU
		{0B665A48-6BF2-4D36-8926-CCD5388499B0}.Release|Any CPU.Build.0 = Release|Any CPU
		{87933A5C-AA6B-4496-9277-887D1A8DA100}.Debug|Any CPU.ActiveCfg = Debug|Any CPU
		{87933A5C-AA6B-4496-9277-887D1A8DA100}.Debug|Any CPU.Build.0 = Debug|Any CPU
		{87933A5C-AA6B-4496-9277-887D1A8DA100}.Release|Any CPU.ActiveCfg = Release|Any CPU
		{87933A5C-AA6B-4496-9277-887D1A8DA100}.Release|Any CPU.Build.0 = Release|Any CPU
		{41D5C857-40D5-4C9A-A391-1389D56F2FA0}.Debug|Any CPU.ActiveCfg = Debug|Any CPU
		{41D5C857-40D5-4C9A-A391-1389D56F2FA0}.Debug|Any CPU.Build.0 = Debug|Any CPU
		{41D5C857-40D5-4C9A-A391-1389D56F2FA0}.Release|Any CPU.ActiveCfg = Release|Any CPU
		{41D5C857-40D5-4C9A-A391-1389D56F2FA0}.Release|Any CPU.Build.0 = Release|Any CPU
	EndGlobalSection
	GlobalSection(SolutionProperties) = preSolution
		HideSolutionNode = FALSE
	EndGlobalSection
	GlobalSection(NestedProjects) = preSolution
		{8F5AE52D-E80A-4477-91EF-B92005A1772A} = {C879BA25-00FC-4F99-B570-7FEA84059AF6}
		{1A18E568-A5FF-4E04-8A07-B5189A7353F8} = {4B408D9A-DFA7-4639-AC99-17E5E051F3F4}
		{BDCA2CD9-C22F-4FDE-B02D-DA7E4333ED8F} = {4B408D9A-DFA7-4639-AC99-17E5E051F3F4}
		{082512C7-7453-4211-A338-EAC68C739F28} = {4B408D9A-DFA7-4639-AC99-17E5E051F3F4}
		{94591AB0-36C3-4DF0-84CE-B1CBBF8BED6A} = {4B408D9A-DFA7-4639-AC99-17E5E051F3F4}
		{51737B98-2655-42EF-A719-631C04D708E2} = {4B408D9A-DFA7-4639-AC99-17E5E051F3F4}
		{D7BF7084-5AFB-41B6-83B1-37F8E549E292} = {4B408D9A-DFA7-4639-AC99-17E5E051F3F4}
		{69F68856-333F-4072-A9D6-972080E8FEA8} = {4B408D9A-DFA7-4639-AC99-17E5E051F3F4}
		{CF122B0C-96A7-47AE-BAB7-065483818DE9} = {4B408D9A-DFA7-4639-AC99-17E5E051F3F4}
		{BE2E1897-A7F7-4F65-9654-6253A2024388} = {4B408D9A-DFA7-4639-AC99-17E5E051F3F4}
		{FF4340FA-FE17-4EED-A141-994528109580} = {5825F521-82E9-4616-BB34-5A2C9541D813}
		{BEC890A1-5550-489C-9B13-F573232B7ECB} = {5825F521-82E9-4616-BB34-5A2C9541D813}
		{0B665A48-6BF2-4D36-8926-CCD5388499B0} = {5825F521-82E9-4616-BB34-5A2C9541D813}
		{87933A5C-AA6B-4496-9277-887D1A8DA100} = {5825F521-82E9-4616-BB34-5A2C9541D813}
		{41D5C857-40D5-4C9A-A391-1389D56F2FA0} = {4C838E35-8F04-41C1-9037-F971E3E55B98}
	EndGlobalSection
	GlobalSection(ExtensibilityGlobals) = postSolution
		SolutionGuid = {8CE3172A-E431-457D-A0D3-9648D68C782E}
	EndGlobalSection
EndGlobal
